# This file was autogenerated by uv via the following command:
#    uv pip compile requirements.in --python-version 3.11 --python-platform x86_64-manylinux_2_28 --generate-hashes -o requirements.lock
lark==1.3.1 \
    --hash=sha256:b426a7a6d6d53189d318f2b6236ab5d6429eaf09259f1ca33eb716eed10d2905 \
    --hash=sha256:c629b661023a014c37da873b4ff58a817398d12635d3bbb2c5a03be7fe5d1e12
    # via -r requirements.in
mo-dots==9.189.22201 \
    --hash=sha256:cb332611b9662499d564400612f9b3a5c90a2b473128e2068224a34f2d2bf3c9
    # via
    #   mo-parsing
    #   mo-sql-parsing
mo-future==6.2.21303 \
    --hash=sha256:1594c1c126b4a7fabc01867ea7be181bcda2b32ac21065dae75b02c19c54b816
    # via
    #   mo-dots
    #   mo-imports
    #   mo-parsing
    #   mo-sql-parsing
mo-imports==7.187.22201 \
    --hash=sha256:a9779b9e63017b68fb079df0158b772de300770722e51497f5bf64476802a893
    # via
    #   mo-dots
    #   mo-sql-parsing
mo-parsing==8.204.22252 \
    --hash=sha256:df1ef04b4c6ac036295992add7d6e384b10ae594d6a81c3b6e526efe4829286b
    # via mo-sql-parsing
mo-sql-parsing==8.205.22260 \
    --hash=sha256:d7e244cd05a9cfdca214c4a326ff4ab4e12145167ceeb629c1a10c7e612c50bb
    # via -r requirements.in
mysql-connector-python==26.7.0 \
    --hash=sha256:109a9d3d4579f63e587816fc1e3105a464ac52ac7578aaff16980a3d341a98b1 \
    --hash=sha256:227063e73c3d7b0326bc6ce9af47b8aa081e53a4e97e8683bba658569cb57271 \
    --hash=sha256:27c9808be25cd6f0b173f3894407635764db01db039b8904f9b566f7d1795bcc \
    --hash=sha256:2be2f5b8ffc66bac305afee970256e74b2bc1d072cd0d21a277af3c9ff5fcb1d \
    --hash=sha256:2fd56a86f316e676c4cafa16fe6149a08d8dd4f071f8b4aa298f5968b6eb1cbf \
    --hash=sha256:32f63bbf069b242921c13de05e56857625e167d64fc7fa4f15e05478d78c56fe \
    --hash=sha256:375f9a042398e515a670003f26ab07e9b2ecaecba6eaf678f66fb5c2d36bd305 \
    --hash=sha256:3a04431d85e96626b51417e855da131da815395080cf3acc805113181d679648 \
    --hash=sha256:43ee453b53556f690e4f4b795d3f17a1c6d4b45f729657bb0d999c8dfc9261d5 \
    --hash=sha256:55565516053e46a7a49cdd3a61f6fe3e5651747522597f5500de3e0655fd70d6 \
    --hash=sha256:638be8882de1ab4dd982a9db56afaa9e357468c7c5be9e20bd5e972ed4d68db2 \
    --hash=sha256:6e2d06c653c7f18ae91c5899e62210565660c871941769b1725c8dfa98da66b8 \
    --hash=sha256:76cffea9fc0cd9d4d5c79935a18342d9680f2c0dc0d5675b966b3df06229f238 \
    --hash=sha256:99678b137b28b277c7639e6e6660159c8dc15113107ad881a2f498652540856f \
    --hash=sha256:9b63672cc381f097966faecd6940beb2a91f9efdf674a5807dc45f4efdb42e62 \
    --hash=sha256:9f8fde7f909891bc5093f63e3b78a8f80b637591d8f77591a758cf78541325b8 \
    --hash=sha256:9fee7cfbdaa8ed295e05b0c66778760cdc8705b1edbbd1963da87a04c22fb6b1 \
    --hash=sha256:a4eac2b4bcbf18fbaab736b5c3996425728472fea7b3d71a8c7056aa6349471f \
    --hash=sha256:a86c988f033d3e116c5d326931aabae340ebef0425399bcd5f076af877ae0fbc \
    --hash=sha256:b2f8807746caa58c52d522d0e2f8c889f9bac47a096b2f5d0abed88c31c594e7 \
    --hash=sha256:c02cc3d5e4763ddc960fce521bd353b242cfec4c6a936234916f2597bfd656cd \
    --hash=sha256:d8ff5ee236ea46661ee639336323e124ed868e37f3ea991bdc5de5a146f39fd5 \
    --hash=sha256:e118030bdd6a9882f5aa80a0c0c88d684d0e82d78747e5baf3c3e54a5a2d1348 \
    --hash=sha256:ec8fe2f5af701d3146a6e31ef2fce293f2418c148a99df7c9917f87cfcdaea93 \
    --hash=sha256:f8d6eaf6f37d146573afe458ae40ea48a679293da2c17cf34e65976eaab7b64c \
    --hash=sha256:fd10764bd6dadb0ad44475126a87d184dac519712874459ab5f3976c23314f22
    # via -r requirements.in
numpy==2.4.6 \
    --hash=sha256:001fbb8e08d942dd57599e781f2472269ee7f2755fae407b4f67b2f0b17da3f1 \
    --hash=sha256:0280e0356c0829a18d9de1cb7eee50ec22ca639878d7240307ca0943d73cd2c4 \
    --hash=sha256:043191bfa8eab18c776647b62723ac9dddece59743b13f49b2016094129c2b3f \
    --hash=sha256:06ca2f61ec4385a07a6977c55ba998a4466c123642b4a32694d3128fce18c079 \
    --hash=sha256:0a041d3d761dc3c35cc56ce0351506a02bcbc25f7b169f652435141a17db9096 \
    --hash=sha256:0ab0a9c4ffb1a6d95ef519fe4247dba8eb6b18ad93999f76b7f657039acabd47 \
    --hash=sha256:0c9136e14ed34a9e343a31c533d78a9813a69a3148332bce5e9821cb2f996e66 \
    --hash=sha256:110f8b71aacb688ec69062bb7f6938a0f8acb01b7c1c4beb453c65b6d234584d \
    --hash=sha256:112b06a867b235ef466ed3508ddf0238050df9c727cafb5301ac385b899189a1 \
    --hash=sha256:17f9ade344e7d9b464a084d69bcf18fc691cb1db67c62ed80820bf4926d78f0e \
    --hash=sha256:1e254a00cdf42b1e4d5b3d68d33af63268d41340d8885df2ab6470f2e1500147 \
    --hash=sha256:1e978ec1e8bd0e0e4de6bb75de9d30cbb74db6b6a2bb727618613703ca0167dd \
    --hash=sha256:25c692919ac5a01f170a3bfcd62d745b24fd095c353d50812637d6fcab442e75 \
    --hash=sha256:260a5d70215b61ab4fadf5c7baacd64821842975eea312125ed3c39a6391b063 \
    --hash=sha256:2803abfebfc990042cd494d8ce2d5f82e9d847af6d35ec486923aa19dbad5e73 \
    --hash=sha256:29a287e0cf63ff528da061de6b9f64a4618da591ca1046aafc54062e40ca7eab \
    --hash=sha256:29cb7f67d10b479ff07c17d33e39f78c07f71c40ef30d63c153d340e96cd3fb4 \
    --hash=sha256:3213d622a0283a39a93d188f3cf72b26862df52fbb4ca3697f51705016523d41 \
    --hash=sha256:33111801a01c12a8a1e3721f0a9232f8cfc8ae2c6b7098167e6f623c6073f402 \
    --hash=sha256:357cc07a6d7b0b182ff02249616a03742827ebb1277546b5c7cd7f7620a45698 \
    --hash=sha256:38efbc8de75c7a0fc1ac190162d892787f3f47b57cc291231aafee36b80982b7 \
    --hash=sha256:4081eb135ac24158bd51cdfbef16f1c64df7063b1143f24731387137c092bec8 \
    --hash=sha256:40fdc1ae7125e518ea98e53e69a4ebc27e1fd50510c47b7ea130cf21e5e1d42b \
    --hash=sha256:4cfe66903cc32a9921a6733d96b19bb6abf310397581bbad89c228f5abaf0ee8 \
    --hash=sha256:511dbaf848decaaaf4b4ca48032619fb3138710c4bf7da7617765edad1ef96b0 \
    --hash=sha256:55cced7c52e981362f708ad635198e97a752dfba412cc03c23bbf3bd8d5cd662 \
    --hash=sha256:56b39e5e0622a09a25bf5baf62f4bcf0cb8a41ae6e2819cf49bbc5a74c083f91 \
    --hash=sha256:5dbbdb29840ca3d91ee0fece42fc29278886d908280bfec0a5846c6f901a3eb0 \
    --hash=sha256:5f9fb9157b4ce2971008323afe46053787b526ef624fea915b261468a8421a0f \
    --hash=sha256:6180d8b35af935aed8ece3a85e0a43f87393ae0ac87c8d2c8bd2c993f7270ef3 \
    --hash=sha256:68a5124b13fa6cc2086764a20005d30bc0548146f7f5322f02fce212ca14317f \
    --hash=sha256:68bb27509ac1b9a3443094260f6326150663b06abe40b73a2f81160623da5b67 \
    --hash=sha256:6f41ae150c4e32db4f3310cdaf64b1593a03dbabe29eec77fc9b50fe64061df6 \
    --hash=sha256:7265a2f3d436e54ef9f2b52b5c937e6be778781bd97a590319d7348f1c1ca997 \
    --hash=sha256:72fbe16c6fac95aedf5937fa873445cec2110be35d8a4e9433d7501fd98dae6b \
    --hash=sha256:7d92c3819208a60205a12a245c91ad70cb0a85336659b19b834205573ac8456e \
    --hash=sha256:8155154c7c691289fe18f510b5d4657c68c67989f293f0535a91360392ff6538 \
    --hash=sha256:81a1cca95ed5bb92aa8b10dd2cdc9a0d3853a50fad926c28b5d7e8ea54389627 \
    --hash=sha256:89cd468399cfd2504718f0ba50e410dca55a170b61a02ad92bb18c8a65186e93 \
    --hash=sha256:8ad03c0965fb3c692200e74d458ca28c1dbb4ce96f9a479a8aa041ad5fabca02 \
    --hash=sha256:90f9849678c75fe7afa2d348ac842c168b0a4d3d61919687216dfc547976d853 \
    --hash=sha256:948424b06129ce883307e8cff868c31396d8dc7630a59c61d70d98dbe70f222c \
    --hash=sha256:9cd5ffd25db4e7ba6a375693b3fc0fc1791ec636c17db3720da19bde7180ec43 \
    --hash=sha256:a0df0043bdb289bde1f62da130d20df23d58b45429f752bc7a8fc5325a225ecd \
    --hash=sha256:a2c306dea656c12c68f51f4cea133cbe78ca7435eb28c735eac1d3ebe73be6e8 \
    --hash=sha256:a7830bab239b79cda9c08c2da014761cafb48da6150e1da17ac06283f43b6089 \
    --hash=sha256:a7c711e21628b52034bb5ab8d1bce291f752fcc5e92accc615778acee1ff4778 \
    --hash=sha256:aaf159caa35993cb1f56fb9b8e4610d35758e7ca005412eb1daa856a78c9c4b1 \
    --hash=sha256:ae506e6902902557576a26ff33eda8695e7ecb3cb36c3b573a0765dee114ebdb \
    --hash=sha256:b507f5c4c1d508876d1819b6bf9a49d365b96320b5d4993426b33a23ca4b8261 \
    --hash=sha256:bf162abab1c1a736333192707cef898e735a5ca00f38f27eeedf44b39d9e85eb \
    --hash=sha256:c1a2af6c6ef86344a6b0db6b97834208bf598db514f2b155042439b62605601a \
    --hash=sha256:c2d37ab77531417474168eb79d6d80b14f821a966818505d03013d0833edb7a8 \
    --hash=sha256:c4fc99836233ea196540b17ab0983aff60ed07941751930f5f4d05bc3b3b7359 \
    --hash=sha256:d581b735e177fdcdce6fed8e7e8880a3fb6ee4e3653a3ac6af01c6f4c03effc5 \
    --hash=sha256:d6da64deb6b8ed903e7560180a92f2d804ee1ba5eeb849ac2748b8c1aba1f6d7 \
    --hash=sha256:d8e8286dd7cea7895157318d1b91cdacac64c479f3cbc8dce548331728484751 \
    --hash=sha256:ddea102b48f9e339f3948bf22040944184627a30fdf7f858667673b9c5f033c8 \
    --hash=sha256:dfa20cc6ca228e6b155b11da03825975ce66aea520985dbbddf0f2a5a495c605 \
    --hash=sha256:e3e5193ef5a3dc73bceee50f7fdc2c90dbb76c42df8d8fae3d1067a583df579e \
    --hash=sha256:e3eeb0aabd6bd5ce64faae67e9935203a6991b4bc2a485a767fbafb2c5125f45 \
    --hash=sha256:e5805d5a22fd19c8ccff10a9561f9df94436b0545619ea579db2d3c35294bce2 \
    --hash=sha256:e85b752a1e912b70eaad4fafbd4d1238007ab221de2009b9a2f5ae7461239895 \
    --hash=sha256:eaf7fa2de5c0be8ae6ff8e9bea2ccd725e980541244521d8d4b5f3354a27babe \
    --hash=sha256:ebfb099f8dcf083deef3ac1ca4c1503f387cf76296fcb3816b66f5ecb5f54fdb \
    --hash=sha256:ece3d2cfe132e7d51f44a832b303895e6f2d499c5e74dfbdb06ee246147a304a \
    --hash=sha256:ed9749eef4cbd126da3dc1d6bcb3a57f5eb7ac6a6484146bdbf743f552dfc577 \
    --hash=sha256:ede83e07a75dd06bc501566c1eca2afc0d61677c1472ac9ad93fdee6e638a48d \
    --hash=sha256:ef4aea96ce4d3b074422cb4f2f64e216bf9e213004bb58ecfdf50ea02ea8eb9a \
    --hash=sha256:f3a3570c4a2a16746ac2c31a7c7c7b0c186b95ce902e33db6f28094ed7387dda \
    --hash=sha256:f407cb6b8e9d6d8c626bc73c945db1706035af8fd632295547bf1c9e46d092d6 \
    --hash=sha256:f74a575920ab21fe304421a3fc28793d82e299cae9eccb37084e9fc7f3617c20
    # via pandas
ordered-set==4.1.0 \
    --hash=sha256:046e1132c71fcf3330438a539928932caf51ddbc582496833e23de611de14562 \
    --hash=sha256:694a8e44c87657c59292ede72891eb91d34131f6531463aab3009191c77364a8
    # via -r requirements.in
pandas==3.0.6 \
    --hash=sha256:0704044b676496b8350e023b09f174a26772456c974a2b11c36bebb558c9490d \
    --hash=sha256:085e3786ae6b2e82b406266bce36690f72b9dc1421903ba9296b2981a9fcf586 \
    --hash=sha256:097090508a1dd335013d39106fc10b20f4fd4a171638e47b77d55798ed9dab6c \
    --hash=sha256:1bcb3e9ed29e74a7439cedff9e2aefd3ea65de84d7de9ccb6c194192541bd60e \
    --hash=sha256:1e7c0afdcaf6661d795fcefc2f647ddd1136f62cdc153fba177c685d97a87808 \
    --hash=sha256:1e92d9fa834c7d877130027cddc0cad8dcff97c1f6cca26bd6310f847228b658 \
    --hash=sha256:22172a92e7ee678ec0140c7af4fc9366b55413834a1cd86af78b3caa0b0574de \
    --hash=sha256:253e12cb9081b0afbac607920f6142975966bc315135e09de275fdbaa415d2de \
    --hash=sha256:265f562fdd1079f69f3de96dd425c3405224038c0af4f920c54bd240ee2c4640 \
    --hash=sha256:2a8fc94be2ee5f1d86f97aacd8cc566f81680b6498e76f3007421bb5d98151bf \
    --hash=sha256:2e5fa32ff162dfdbc280157d664f44d23049ae414725af9676df339c501d82cd \
    --hash=sha256:3ef908d28590b3f42d7070e7ad8f9b34b442b260b7f3c1afb57e0040c58cdb1b \
    --hash=sha256:429d9df32731ab01383ed98f2baa7a60368090d1a94fc06019a12062510e8630 \
    --hash=sha256:47121f9571503f724c9b93e297ab6254ac99c77adf5e9ed085ea419fd585c258 \
    --hash=sha256:4e25e2e1adee99ddfada6f7206a79ae8e9c8a8861b0e3eaaba165006d3eef18e \
    --hash=sha256:4ff44b2cb51cbd691c91f92c4ea6c71e34003f239ebd67c2e857dc898466b49c \
    --hash=sha256:50c44cbf5820b6b91a5f74aae04972472aefadd3cd9fbd1010409d85528bd570 \
    --hash=sha256:569e114072b24fc4970c12e2b4bab252671668a40b324318903380cab0254c0c \
    --hash=sha256:583be68728a31d0d750d5b8d9e00f02b153df0d4655f858bde93cb84cfc4227c \
    --hash=sha256:5e75072773c1b2f7cb63faa3a6f562aede11f3976f68ed34cb538bc091a28171 \
    --hash=sha256:5edd0a7abb0986ecce1ac81f56d99b6763f86aa6946dceb6c661224f90af5a19 \
    --hash=sha256:60d81f9e1799b36f3739e7fff44d1fbb2e8fd5a271b3863e03de9715fccda0fa \
    --hash=sha256:62f51d7f651c8054c5e82a69265c98082e795d1442df7ca6edc3a545d61214b1 \
    --hash=sha256:654aae059295dbba6ecd2328ca12712a2cf1676214c8699f1c29213f7ccf9c34 \
    --hash=sha256:66b07ef7315a31bfe1089cd3d71a7de781c9dca986762d0b4fe7c0ef17465d10 \
    --hash=sha256:6ff482fa91fa2bafd92e8fe66ce3645c851824310f295c1f0a2f96e928fc4541 \
    --hash=sha256:77ccbe5057aece6fc172b9b77f19c04335af6882bc2e10c8f3ee4e6bfb3da553 \
    --hash=sha256:7dac2d65e9087e8e7b5a45fe15c4920911a221df061ab629943ce016489145c7 \
    --hash=sha256:83e91d15738d7783c050197cef2f2cf82fc6353dae9865aa87ed1fa16aa4d55a \
    --hash=sha256:86fa853a12e0b70927e2b1ee00d56d2224ec9cbb4b9d58348b5ad52d2f21150e \
    --hash=sha256:8fe77b408d82e2615674dfed62533b95e18a03610573877422aada4f625d4947 \
    --hash=sha256:963ca21199097a84c7827c4678b04e30833084fbf8ef44fde3fa7180a29f8fa0 \
    --hash=sha256:97274c9adf6255bb48c620cd6959805efa7f09ea2167f0e0ae006a448cd2fca7 \
    --hash=sha256:994a79608263fe1c14cc48ffa7300e2b834b7d1cb406ffe96a08828cb0cdd79b \
    --hash=sha256:9ae8073aed8e21d1a7fe263dcdc6840743549722a6738198a0a46000fa9476f2 \
    --hash=sha256:9dab635a549e58a053c7b0fa054dc0bd7be22f0ed9a720f4a85d5fb993276172 \
    --hash=sha256:9e492cd4bdba6778de4fe0df7f4590c012161ebcf9902dce01b01dc683105514 \
    --hash=sha256:a3a22e07fe75347eaacc75b0e85297947af4fba6b4aae23916bd8b6828d0bba3 \
    --hash=sha256:a4dbd4dc65cbe645b92b8785d0f96dd7311010dc6606cf620e51b07b8788a12a \
    --hash=sha256:a77a1a44e4d88f1c6a2a64d3eb12efec8420875722e14279800b173a7c7c2804 \
    --hash=sha256:b27c8d890e4aa2171437ae2a39de1d215e674158e4865c4023a8b31c932513b2 \
    --hash=sha256:bd75ed0c840f709fc2ae26ddd9534ac77ca1a48ac0cce521a74acaa85f3340a7 \
    --hash=sha256:c6e4aae3e9bea26c6c9a20d88d96c86ec4a99b4db5fd516bcb4e829ab2c0ee36 \
    --hash=sha256:c826e9babb7790142c399f58599d8de679bea059d7b39c5b6efa2096fac37266 \
    --hash=sha256:cc39303913e2ea129915670de5d1c9fbd647f543bb72e5543bac8baa94e9e42f \
    --hash=sha256:d7564d86a94c2eb8ab290b07f63ddaae5c032fa53897c29a2ff2197d43aee8af \
    --hash=sha256:d7dcd21238cbb4828ff148481ba01cac8946dc5121457b5aeba28636f8f99a60 \
    --hash=sha256:db7ec631f26223beee8e5c9e0b8f23c24d8197bbd1d982421d4e3188bea51965 \
    --hash=sha256:e3dccb584123b399c07562ac4d62543e90ede49ddf8ce3c13ffc64cbe828c281 \
    --hash=sha256:e7c1905ef02c3d6d43d9dbd5b6ccb4da4870a0b0c821bbc103fbdb6f3ad2707b \
    --hash=sha256:eb6900de08ac85f93ac4948aa6b80842eba555875337b8359035ac9c43e92d34 \
    --hash=sha256:ee913a91669056c1de1a6b733fbfeab711de9e54e3bee2dfa5fe79d9457247d1 \
    --hash=sha256:ef738d71d1059245b6bb03e312be06d8b3821326a83486c1ad03b9aba3710e44 \
    --hash=sha256:f3ce8a6968045481e91a3990e797e348ce13db45ee164a7095bbc824e26c09dd \
    --hash=sha256:f4e7c52eb108d752e7592268108fd3e98efd76d83a3125cdd06c621c2e44359b \
    --hash=sha256:f8029ec0f1f89e4f985929ce1f6626dabf3140d61a4e9c1215afdab34eaf9a5d \
    --hash=sha256:fb625f426b375bcc96e3a04c5d5d266cd7be6ae5d6866e0e703382ab5164068c \
    --hash=sha256:ff51a4459ed036e93d1eb1bb5e6e7b28685d3cb6b7c12b91c05b31024e234729
    # via -r requirements.in
prettytable==3.18.0 \
    --hash=sha256:439217116152244369caf3d9f1caf2f9fe29b03bd79e88d2928c8e718c95d680 \
    --hash=sha256:b3346e0e6f79180833aebaac088ae926340586cf6d7d991b9eb125b65f72313a
    # via -r requirements.in
python-dateutil==2.9.0.post0 \
    --hash=sha256:37dd54208da7e1cd875388217d5e00ebd4179249f90fb72437e91a35459a0ad3 \
    --hash=sha256:a8b2bc7bffae282281c8140a97d3aa9c14da0b136dfe83f850eea9a5f7470427
    # via pandas
pyyaml==6.0.3 \
    --hash=sha256:00c4bdeba853cc34e7dd471f16b4114f4162dc03e6b7afcc2128711f0eca823c \
    --hash=sha256:0150219816b6a1fa26fb4699fb7daa9caf09eb1999f3b70fb6e786805e80375a \
    --hash=sha256:02893d100e99e03eda1c8fd5c441d8c60103fd175728e23e431db1b589cf5ab3 \
    --hash=sha256:02ea2dfa234451bbb8772601d7b8e426c2bfa197136796224e50e35a78777956 \
    --hash=sha256:0f29edc409a6392443abf94b9cf89ce99889a1dd5376d94316ae5145dfedd5d6 \
    --hash=sha256:10892704fc220243f5305762e276552a0395f7beb4dbf9b14ec8fd43b57f126c \
    --hash=sha256:16249ee61e95f858e83976573de0f5b2893b3677ba71c9dd36b9cf8be9ac6d65 \
    --hash=sha256:1d37d57ad971609cf3c53ba6a7e365e40660e3be0e5175fa9f2365a379d6095a \
    --hash=sha256:1ebe39cb5fc479422b83de611d14e2c0d3bb2a18bbcb01f229ab3cfbd8fee7a0 \
    --hash=sha256:214ed4befebe12df36bcc8bc2b64b396ca31be9304b8f59e25c11cf94a4c033b \
    --hash=sha256:2283a07e2c21a2aa78d9c4442724ec1eb15f5e42a723b99cb3d822d48f5f7ad1 \
    --hash=sha256:22ba7cfcad58ef3ecddc7ed1db3409af68d023b7f940da23c6c2a1890976eda6 \
    --hash=sha256:27c0abcb4a5dac13684a37f76e701e054692a9b2d3064b70f5e4eb54810553d7 \
    --hash=sha256:28c8d926f98f432f88adc23edf2e6d4921ac26fb084b028c733d01868d19007e \
    --hash=sha256:2e71d11abed7344e42a8849600193d15b6def118602c4c176f748e4583246007 \
    --hash=sha256:34d5fcd24b8445fadc33f9cf348c1047101756fd760b4dacb5c3e99755703310 \
    --hash=sha256:37503bfbfc9d2c40b344d06b2199cf0e96e97957ab1c1b546fd4f87e53e5d3e4 \
    --hash=sha256:3c5677e12444c15717b902a5798264fa7909e41153cdf9ef7ad571b704a63dd9 \
    --hash=sha256:3ff07ec89bae51176c0549bc4c63aa6202991da2d9a6129d7aef7f1407d3f295 \
    --hash=sha256:41715c910c881bc081f1e8872880d3c650acf13dfa8214bad49ed4cede7c34ea \
    --hash=sha256:418cf3f2111bc80e0933b2cd8cd04f286338bb88bdc7bc8e6dd775ebde60b5e0 \
    --hash=sha256:44edc647873928551a01e7a563d7452ccdebee747728c1080d881d68af7b997e \
    --hash=sha256:4a2e8cebe2ff6ab7d1050ecd59c25d4c8bd7e6f400f5f82b96557ac0abafd0ac \
    --hash=sha256:4ad1906908f2f5ae4e5a8ddfce73c320c2a1429ec52eafd27138b7f1cbe341c9 \
    --hash=sha256:501a031947e3a9025ed4405a168e6ef5ae3126c59f90ce0cd6f2bfc477be31b7 \
    --hash=sha256:5190d403f121660ce8d1d2c1bb2ef1bd05b5f68533fc5c2ea899bd15f4399b35 \
    --hash=sha256:5498cd1645aa724a7c71c8f378eb29ebe23da2fc0d7a08071d89469bf1d2defb \
    --hash=sha256:5cf4e27da7e3fbed4d6c3d8e797387aaad68102272f8f9752883bc32d61cb87b \
    --hash=sha256:5e0b74767e5f8c593e8c9b5912019159ed0533c70051e9cce3e8b6aa699fcd69 \
    --hash=sha256:5ed875a24292240029e4483f9d4a4b8a1ae08843b9c54f43fcc11e404532a8a5 \
    --hash=sha256:5fcd34e47f6e0b794d17de1b4ff496c00986e1c83f7ab2fb8fcfe9616ff7477b \
    --hash=sha256:5fdec68f91a0c6739b380c83b951e2c72ac0197ace422360e6d5a959d8d97b2c \
    --hash=sha256:6344df0d5755a2c9a276d4473ae6b90647e216ab4757f8426893b5dd2ac3f369 \
    --hash=sha256:64386e5e707d03a7e172c0701abfb7e10f0fb753ee1d773128192742712a98fd \
    --hash=sha256:652cb6edd41e718550aad172851962662ff2681490a8a711af6a4d288dd96824 \
    --hash=sha256:66291b10affd76d76f54fad28e22e51719ef9ba22b29e1d7d03d6777a9174198 \
    --hash=sha256:66e1674c3ef6f541c35191caae2d429b967b99e02040f5ba928632d9a7f0f065 \
    --hash=sha256:6adc77889b628398debc7b65c073bcb99c4a0237b248cacaf3fe8a557563ef6c \
    --hash=sha256:79005a0d97d5ddabfeeea4cf676af11e647e41d81c9a7722a193022accdb6b7c \
    --hash=sha256:7c6610def4f163542a622a73fb39f534f8c101d690126992300bf3207eab9764 \
    --hash=sha256:7f047e29dcae44602496db43be01ad42fc6f1cc0d8cd6c83d342306c32270196 \
    --hash=sha256:8098f252adfa6c80ab48096053f512f2321f0b998f98150cea9bd23d83e1467b \
    --hash=sha256:850774a7879607d3a6f50d36d04f00ee69e7fc816450e5f7e58d7f17f1ae5c00 \
    --hash=sha256:8d1fab6bb153a416f9aeb4b8763bc0f22a5586065f86f7664fc23339fc1c1fac \
    --hash=sha256:8da9669d359f02c0b91ccc01cac4a67f16afec0dac22c2ad09f46bee0697eba8 \
    --hash=sha256:8dc52c23056b9ddd46818a57b78404882310fb473d63f17b07d5c40421e47f8e \
    --hash=sha256:9149cad251584d5fb4981be1ecde53a1ca46c891a79788c0df828d2f166bda28 \
    --hash=sha256:93dda82c9c22deb0a405ea4dc5f2d0cda384168e466364dec6255b293923b2f3 \
    --hash=sha256:96b533f0e99f6579b3d4d4995707cf36df9100d67e0c8303a0c55b27b5f99bc5 \
    --hash=sha256:9c57bb8c96f6d1808c030b1687b9b5fb476abaa47f0db9c0101f5e9f394e97f4 \
    --hash=sha256:9c7708761fccb9397fe64bbc0395abcae8c4bf7b0eac081e12b809bf47700d0b \
    --hash=sha256:9f3bfb4965eb874431221a3ff3fdcddc7e74e3b07799e0e84ca4a0f867d449bf \
    --hash=sha256:a33284e20b78bd4a18c8c2282d549d10bc8408a2a7ff57653c0cf0b9be0afce5 \
    --hash=sha256:a80cb027f6b349846a3bf6d73b5e95e782175e52f22108cfa17876aaeff93702 \
    --hash=sha256:b30236e45cf30d2b8e7b3e85881719e98507abed1011bf463a8fa23e9c3e98a8 \
    --hash=sha256:b3bc83488de33889877a0f2543ade9f70c67d66d9ebb4ac959502e12de895788 \
    --hash=sha256:b865addae83924361678b652338317d1bd7e79b1f4596f96b96c77a5a34b34da \
    --hash=sha256:b8bb0864c5a28024fac8a632c443c87c5aa6f215c0b126c449ae1a150412f31d \
    --hash=sha256:ba1cc08a7ccde2d2ec775841541641e4548226580ab850948cbfda66a1befcdc \
    --hash=sha256:bdb2c67c6c1390b63c6ff89f210c8fd09d9a1217a465701eac7316313c915e4c \
    --hash=sha256:c1ff362665ae507275af2853520967820d9124984e0f7466736aea23d8611fba \
    --hash=sha256:c2514fceb77bc5e7a2f7adfaa1feb2fb311607c9cb518dbc378688ec73d8292f \
    --hash=sha256:c3355370a2c156cffb25e876646f149d5d68f5e0a3ce86a5084dd0b64a994917 \
    --hash=sha256:c458b6d084f9b935061bc36216e8a69a7e293a2f1e68bf956dcd9e6cbcd143f5 \
    --hash=sha256:d0eae10f8159e8fdad514efdc92d74fd8d682c933a6dd088030f3834bc8e6b26 \
    --hash=sha256:d76623373421df22fb4cf8817020cbb7ef15c725b9d5e45f17e189bfc384190f \
    --hash=sha256:ebc55a14a21cb14062aa4162f906cd962b28e2e9ea38f9b4391244cd8de4ae0b \
    --hash=sha256:eda16858a3cab07b80edaf74336ece1f986ba330fdb8ee0d6c0d68fe82bc96be \
    --hash=sha256:ee2922902c45ae8ccada2c5b501ab86c36525b883eff4255313a253a3160861c \
    --hash=sha256:efd7b85f94a6f21e4932043973a7ba2613b059c4a000551892ac9f1d11f5baf3 \
    --hash=sha256:f7057c9a337546edc7973c0d3ba84ddcdf0daa14533c2065749c9075001090e6 \
    --hash=sha256:fa160448684b4e94d80416c0fa4aac48967a969efe22931448d853ada8baf926 \
    --hash=sha256:fc09d0aa354569bc501d4e787133afc08552722d3ab34836a80547331bb5d4a0
    # via -r requirements.in
six==1.17.0 \
    --hash=sha256:4721f391ed90541fddacab5acf947aa0d3dc7d27b2e1e8eda2be8970586c3274 \
    --hash=sha256:ff70335d468e7eb6ec65b95b99d3a2836546063f63acc5171de367e834932a81
    # via python-dateutil
tqdm==4.70.1 \
    --hash=sha256:c293e525e6fef9c20e8728fd4612df02a0aa31bb5fe91ecd93e123b1b7bffa73 \
    --hash=sha256:cefd0eca11b2a37a3aee776544d4f4ae913f02688135b5556b8788dfa474afc4
    # via -r requirements.in
ujson==6.0.0 \
    --hash=sha256:02148bd4706f42b063bb95f6cc309e16554fb4c250db4683688c0a3eb83048ad \
    --hash=sha256:03a385e523f67dec6d4dad0970f20a080cad045b56d9a3564d07807090a9c106 \
    --hash=sha256:0a4edbeb091b195031a0e96fab005150340e383c095cac6b5c2b7dc8f55040b5 \
    --hash=sha256:0aa247eb50a52bb2190871ca8c2e0a96f8190bfdb1ebd68c70d1bf422f640b73 \
    --hash=sha256:0d6e29b91a0934ed9d22ee48aa91518523cd2ce1c6caee2810b439fb371b8439 \
    --hash=sha256:0dd8981828f6b515ba5e9f2473f433aa59bebe4784182b48695b71af52033b4f \
    --hash=sha256:0e94f0b95459caa6cb5e333baf6763bf1e7a96ea5e4f1ea7fbb0ad88e81a88ab \
    --hash=sha256:0eeef12ef46e129278b50ca4c66c6b35c318f2fd09346bacddf218ed378cc0bb \
    --hash=sha256:0f3eff1f93d9d1f0bd5eee35883b9c71ad9befcfcd0ddc7cd5862c69fba21cf6 \
    --hash=sha256:102ddbb1677540f0cae80cc36f5db9663a626c7b3bf872ed10f10fe72343a3c9 \
    --hash=sha256:1080587042cb19f9cfb08f289498d866ac5f93393b21006321dea331dbf62375 \
    --hash=sha256:108a9f3a635913d38a856e05007afc9b243929938939cd11576a3f5484925145 \
    --hash=sha256:15aa57f6d0dafccd20f282f46f6a8d721d46c73fd9474f5ba996e9adc48d3177 \
    --hash=sha256:1cda9f81e58120675dbaba7b254849ee59698e5dee83c4383a3c1a96ca92a679 \
    --hash=sha256:20eff4f1ea3b970b998bf111036404eb18e976d4919783f793e539370b8627cb \
    --hash=sha256:212191672712e5c40219d568c495a8a0bec526934eb87f16f30da78d962fe5ca \
    --hash=sha256:2145005321a4b175486dd890946b036bb8730e4e8e17744f5abce23ea014e024 \
    --hash=sha256:222389a616f6407eb40e1efa80a35c1ba468903e50a305faf425c26e3c32bdb9 \
    --hash=sha256:22eafdd4f8ee6fe2db0737285c75b15f7486dc53c07b09a4b3699c92c407c3e5 \
    --hash=sha256:28ac884b58c62eacdb6ac67284475b3f19b8160dbacb723956e67a0c11e45014 \
    --hash=sha256:2a09d4ea9ee60c023220195b229ce2688479dbdcf51630acdd54ee75b27c0c00 \
    --hash=sha256:2c5a1b422ebe9919a39c183543dff29edce76bac90080af5ceed51aeb6b60d0d \
    --hash=sha256:2dbe0b6d417b458164ccf1f59e081d6bd65c1fb2f626e0daeb6fb88c436f9643 \
    --hash=sha256:2e36269e715c8deea036d263557042e2598e79d52110233c1a623ed9e7c1cf0a \
    --hash=sha256:2f3c0a77235d7ffcce5c54b872fa25de4f14e6ffc159c62ad93b0a9ca98a1d20 \
    --hash=sha256:34c0403b485d8ddd86bd29d879cc9f72223579b57188b0a2bc07a8b06f8cfbdf \
    --hash=sha256:3b6494d29f7103a97d930cbd25f23fdc4d77e145a931e743660d697a200fd831 \
    --hash=sha256:3bd770b553bebc408b49d6fdb46efb1dc568368d949ac7813a07fcccaea044ae \
    --hash=sha256:3d56d408ccfb9b0e5c2b4ea687396df30ca42ebe2aedac88362069620ce65402 \
    --hash=sha256:455e6ae6c925eca6358110e665a31e5bbcf0a93dfe9822a26b954c9351de2c3f \
    --hash=sha256:4579b8c96824f65888d4a615463c2dc2b7db6c6f0c7f83ece2a58714fd1a8123 \
    --hash=sha256:4a69419253e9367281db03355eb55b5231eef5ff338bb816eb5926ee788faf48 \
    --hash=sha256:5376a8c14d0eaf80789bdb10e21ae12582cdf526eb921a47f57053ef08c63f8c \
    --hash=sha256:54ab6b66fa6f67dfa8234e109df132074e155af3b299ad83aab13ba4b6db9b3f \
    --hash=sha256:5919fe3109a08f8bd682a2ad1cec5cdeff7c1f563b812aba26e86b8b0ab05558 \
    --hash=sha256:593acfa0f36ada24e89c07147441fe364081fa1631db73ee55f40893c196e0b9 \
    --hash=sha256:5b3afbe992e2d1b8c1e4e7a0da2c77da23f29545e5ba695a4a9241702234f20e \
    --hash=sha256:619b2152aa77c57a535e3e7eaf88ec8e25beac6d380378b2ade10362cce50f75 \
    --hash=sha256:63b56e3fcccc339e2c1332e75adc779bd145964e1a47a39a229fa01b2e25618a \
    --hash=sha256:63eefaa34abbe14167493710619b840d3fc167ba86e5fbe0c4a5eb01686aa3a0 \
    --hash=sha256:65bbea52c251b568268b61f9377bee867addc81c9b4c24da277b051ce16f6151 \
    --hash=sha256:65e0e0c21ead4d0087c9c65a82eb2446c4bd51d36388d41035ce773517e7a3bf \
    --hash=sha256:666a91606eeb47c997927ff294f3a9f8f930a02d0d2293ec7b19da5ed688f7ec \
    --hash=sha256:6759d1a9f8aa45dbe2fb3e49ef181e8e6dacca89c595c5ec007ab2b839235117 \
    --hash=sha256:683501475e3dfa935574bfd2b3d26f7393b4a880a745aeab63cc3d013027bba0 \
    --hash=sha256:68d623416ad997666bd8ea899b15554462b6250e803f4ce084c7dfd06a775314 \
    --hash=sha256:7168df25a051fd2a60f8d123b2123b60ead7c1f22cdd467ab7c2bba0fad0aec1 \
    --hash=sha256:7253ae5cac107d2940226a113165738630a98c19cdeaec1e6d6d6c3a7c307b95 \
    --hash=sha256:7a1472649bc9ef3b9ce3ab279e9e812368bfac25210b7ec96bd544767c019577 \
    --hash=sha256:7de7692f330c1ceaf6335ad8039d2fe9344d30ecb415e86ee719e9d5585b2077 \
    --hash=sha256:7e747c535d4ca9afdde31e034484a1020717fb18fa8a8faa789171abeb2ad1ff \
    --hash=sha256:801ff407fda799f4ff98d960342128b065a14113eaccfc116b50092342636861 \
    --hash=sha256:80e23393feb707582e0ad495c397a4477b646d08094d2df64f7316f9fafd8aae \
    --hash=sha256:8141cade37dabc5f090eb5e6a267eabb6b193078becdc82aaf10433196715c33 \
    --hash=sha256:83194e213d9df2f2aed1edb821689f99c0f7789bdee173125fda510282f61070 \
    --hash=sha256:83ed82fe4a17fd30796e65edeb46409f49e2794a33c0b6649d5194347f2412f0 \
    --hash=sha256:8604968307105c3229ce0170e70bf3f172cf96f73c978b1afbc3d0ec8bdfcf86 \
    --hash=sha256:868856ea75794d952c773c506bb638e2a692bc5a8095cefebdcd98f43c79e772 \
    --hash=sha256:88b237680c705fd37bacbaaa335106fecb234a47e1df0737d949b8e32c7eb5f9 \
    --hash=sha256:89b1962c30dc29ba99e522c4f2e39173961b6098328cfbcdad3f9f1c308dae89 \
    --hash=sha256:8af54166141d5c8ebeebc044c3569ef10edfcdf6fd8ecb487a2bf33c776ebc8f \
    --hash=sha256:8cd9f7203c0b2aaed66809edf7e66aa3ab0fe3402e87b69a43b9dfd8d33125ab \
    --hash=sha256:8d56340493496d50ccc41b460610c1ce6a197aac710733b5f36910e8c9f3ba6d \
    --hash=sha256:90f766c5f8e55de2fe65e4241e3e2e46ed7528e7931255a7ed0dfcb5ce622b15 \
    --hash=sha256:921408c159b01d39d70e90252b8ab17f16594fc91f229e6f881642fb0ed24ae7 \
    --hash=sha256:928d83b72808dc73a5df530b7fc27101052be1baf013a5dd75a1535de6cf107e \
    --hash=sha256:970f9ff27d12e089fa342379f52ea3f4aff6fbe8690aca9a1645c14aee5d08fb \
    --hash=sha256:97caee7e4c3e20dff9e6adca0b7443c3cf9d7546ed5d0750954c5bb5456bad86 \
    --hash=sha256:987e191700873419cc23d94d4212e57a85df24eebbe9a33785907b0c99a5a57a \
    --hash=sha256:9b59ead8dd9a96399cc38994d19720443a3cc626b730cbb4f414fb768b3e2816 \
    --hash=sha256:9d522e95bffac7338178757a7931b81639b9e0f2a3ee6e8c7ffdf867f2bfed36 \
    --hash=sha256:9ef1920b423effe2837351d19a2278d7a516404a07200cca30b881077a2d7877 \
    --hash=sha256:a054959ec07f2fd63b6e8a63019a6879262c4f1983a100545c5a0206eefe993e \
    --hash=sha256:a2e699d5f290f81829f42638f8bc6582e3e73452d8607edf749ad3e1843946fa \
    --hash=sha256:a38a21efd05384fb82d35bed81fac0ff6056ea39c3dee3c293885ce910879dd0 \
    --hash=sha256:a41209acca3ade45d27ed665a20f8d174d5bb10c3bf0881802f5215e3269fadb \
    --hash=sha256:aa03ac78c7806c6a391c037e0a63552e11532210b719bc062cddc00671a7577f \
    --hash=sha256:ab7b316bba31be494635dcc5db87e429f2478073d15d2c54925c32fd9e1947f4 \
    --hash=sha256:ad11c9153c775087d261634410da7cfaac2743d79bc9ab573177d9e3398f00c6 \
    --hash=sha256:ad8bdad17cfc64aefb049e53687ff8730a72e2c3d99edcb36001683122597846 \
    --hash=sha256:add6b3827cbd6ce068ad70b1b890d44271801386a726e2bafe5bced784466642 \
    --hash=sha256:aea27aa0927b0423a0cfb167bd505c2dc59d1df65c66372204e43ba94fc964a8 \
    --hash=sha256:af85ae40c71d422fad944aa8666d59374e4fa92f77899fce34b984037db41420 \
    --hash=sha256:b2ab962524adb39dbad565fd259e15a1c26b8944fa978c24ed6dea5ab1eeefd0 \
    --hash=sha256:b305657e2ddc29a50b333053e7c7f431a8c24c92b7dcbbf7a420f2330152b486 \
    --hash=sha256:b3967550c8952bc516c79c40726a54313aceeb3162a8d5cc655362ab83d0957c \
    --hash=sha256:b8bd6743ad58fe6067ea1677d5df4674bd7de143b038bcd4129c3a6ced483ae8 \
    --hash=sha256:b8d019e935e4f8d6493690036161e62fae033891b71f20d238342ae266fec852 \
    --hash=sha256:bbe0374e18beadac588f47e10cd14cf8b06395dc982062b643c5e3690355bfe3 \
    --hash=sha256:bc6df52a60b521c7b7d69de0c14856397d3cce1e39aa22cfe439c350d6f52524 \
    --hash=sha256:bde35c0d6b5a204990f43e4ab43b6e3e4d5a1de773246e11d518945e3ba789ed \
    --hash=sha256:c2c670cd7aaad2a3bff450addb32b26aa831f82a8b6c2c875ec19bb282a6c45d \
    --hash=sha256:c3e26771a0759d213e60c885012e1f75ad84897f3d6b56b65092fbc93615bc24 \
    --hash=sha256:c51915961a51e37403fd94114e293d580dd916ddd1961b229217a87193d2454e \
    --hash=sha256:c5d13a4ccf3fc9a00fb4e8cae818ad7ecf33f210d8098fecbfc087ff43573544 \
    --hash=sha256:c626f68524a19f50d9a9babc17f9c379d1b2a9f2a3da5ac3c40a205cc736259f \
    --hash=sha256:cca83e86a300db6c72847bc7acc259bf86481063aea408b07c8a96d649797b7f \
    --hash=sha256:cd835565b660ca125f5895105981d691c708c15367b88a69fa4d92ddbe24504a \
    --hash=sha256:cea0a63173e4ae98cd960f484096233da76a62550ac10c53312a69ad9f3545b1 \
    --hash=sha256:d2e29a0dd1d33e49623d4c69bfa7e6d3d5c7530cf42bebe612cff965acffd1a9 \
    --hash=sha256:d4a731cc7cd513bf4c4016a24a060fb1aa8475e8682e1f8b1bfb836f8d3f50f0 \
    --hash=sha256:d7945560fc6ce687ea83aa0bc375aa8a1101d9eee1fcbd085c5e0a5b6c6ac8ad \
    --hash=sha256:dae3765f731779faa947715485f6794bc5984802be4584478a3e9e5143dd62e1 \
    --hash=sha256:dc8510c8b5b8373e0789ca05ebffc0aaab6e8a8f86d67956c91bc37f43d4f989 \
    --hash=sha256:dd55ca435d6c3c7e4cb6d8a0a98a133d4fd1b67d9abf90449442d9f5a728a9ff \
    --hash=sha256:dfceda99f3105e9e6fce8dfd157f80894ad20247dc9ffce368c8b7883e7a2aac \
    --hash=sha256:e0652b2110fc374c766cdfca4fad61f9d13a0ad60c5b335ef3fed509374557bc \
    --hash=sha256:e1fa46cb8ddbfba2adf8277b8225e2ebf5bae435e2251c730c17bc0020f63c5e \
    --hash=sha256:e6926204905e1a2f278bacf92ff2fe31343bcc7fb9ff08fdd42be66b3a217ef0 \
    --hash=sha256:e9359bfd0efd12593f0db40ccb2d1497284401da207f1d6a1783718313201b21 \
    --hash=sha256:e9f1625d047d011804a3dde0b8c5099ca2230224ca6b17f13a97b5531799c3aa \
    --hash=sha256:ec570979304a529a8be1bf9ea28889742a2ff5de9af1c6734584dfe1645da3e6 \
    --hash=sha256:ee87d8c4a4ebbef1c7cb2cf251a1d77726ef06a1597ed04d3dce92709b8fe0f1 \
    --hash=sha256:f9d26982045b28db1937ac60682a9940fdb72f9cab3421a5d56c03f2207c99e9 \
    --hash=sha256:fb37ec7d7542e2f23fd7ca8fd034c8db7221c5e86d6a6a3a170711f993eecf15 \
    --hash=sha256:fbae9b1a4d70e2283d71a0b66db2a91eb1a2cefaf370e47eff3a79f8ece7148d \
    --hash=sha256:fc115cca04dbdfd98a67ec89ba5ffd8a87f3201171af54980cfd550997611c41 \
    --hash=sha256:fd26d4b182b7138fc948cda55fe2e91b70d987731e169e628f42ba22cc6e3cce \
    --hash=sha256:ff3b33d8c8dbbe32936d2056296324371a07ed0b29177e2eb8ec46569436817f
    # via -r requirements.in
wcwidth==0.9.1 \
    --hash=sha256:03cfca3dcbffa86564290fe3c9978a6191ba003e8ced7f7dbda315fcb3fbe725 \
    --hash=sha256:0665ee822ea04e25801e6e82e5407528be0863e88a17b0e7ca038843a4a3ac0c \
    --hash=sha256:0d68a30d504c68cfdff2a5f804675c1e7ab4c0bbe878024c8b680ec5579cde67 \
    --hash=sha256:10b00ba23482e352f874d2e8135e7ace9da838646c7dd800566246bbd46125ff \
    --hash=sha256:356376852357b8fca71fe5415808ec421679e04b4a98eb7c9cb6a7984b911a05 \
    --hash=sha256:40d936d72c9bdc10df43f93a8be502bc5024b487259139f66a328722c07f34a9 \
    --hash=sha256:5823209b0d43af322ce698c689380d7c15ca31fa8e6e3be8459f27031bef0af5 \
    --hash=sha256:61bd7aef9cafb6cb77a37a169998d7928ce82a51522146d11f60db9e7d1cb43a \
    --hash=sha256:69bb970cf5652b88cfdb9d3fdd1764fc15e5f8ad531643e7bb3e894cd969740e \
    --hash=sha256:6e1272b7986cefe79783737e38bdb9eaae0682b333c7bd132024441193dd5ce7 \
    --hash=sha256:708158c082364af442f9983de7b6ec9ac0d2e1b825ada25f0911b1f138d55405 \
    --hash=sha256:747fb724223f417a17541a95a17c1dac3a8ef9a0cf41684950f0eab191a35f65 \
    --hash=sha256:991d1c8834f548e9c1f16432075ee84638e122312556bbf1ed595ea8fffc4673 \
    --hash=sha256:9f1636c5075ffd5c2e835b4561874f6e5dd2bbeba3c6c2c99f067d0d16883af8 \
    --hash=sha256:b5da43d6967668982e44a52fb551967d293f86d26cd86036ac95bbdd34394ed9 \
    --hash=sha256:bcb9ed4a367cc025bf1092ac679a156759605182d60b7ed3c28f7221a42ddf55 \
    --hash=sha256:c4cead196551112cb8f43cdd1f80c235ef2456e34b1a9955c424537ec99961b2 \
    --hash=sha256:dc10e262c3ac0abbfd0a2a51e45a848b1b7f500b21ff512630277973ba25674d \
    --hash=sha256:e0c3a1c45c5b9550c6919a4449e95f5b177f6e165786376981db8f1addae9b21 \
    --hash=sha256:eab587e18e7cadf1a750b0098fc8bebfb62c125eb9306f2268f0443a282a3d78 \
    --hash=sha256:fe021c4d8de9d36c31a0cb41d0d2546dadd3b0708a301f1a0c66ce200851831f
    # via prettytable
z3-solver==4.13.0.0 \
    --hash=sha256:13468e1018c817b7f794898d3100f02541d15c13ab56c0785c5acdea32a066cf \
    --hash=sha256:3555436cfe9a5fa2d1b432fb9a5e4460e487649c22e5e68a56f7d81594d043e9 \
    --hash=sha256:4a4731fded91b32e1861e1c7c96e500da743bb9431246cac51f7c3ffc0f21b5d \
    --hash=sha256:52588e92aec7cb338fd6288ce93758ae01770f62ca0c80e8f4f2b2333feaf51b \
    --hash=sha256:8c42de82b6e3ff7ee61287d03c7af8a99f9f6554cdd1204c6b9bca96ff1cb7fb \
    --hash=sha256:9d622022a3511c059915c56b2c231c84b5c1be1b82f457d7560dda3d916474fe \
    --hash=sha256:bca7d59a699a440247537c2180c519d682c9df3520a16ce288fced61a70d253d
    # via -r requirements.in
